
Microsoft Visual Studio Solution File, Format Version 12.00
# Visual Studio Version 16
VisualStudioVersion = 16.0.31424.327
MinimumVisualStudioVersion = 10.0.40219.1
Project("{FAE04EC0-301F-11D3-BF4B-00C04F79EFBC}") = "BIKE_SHOWROOM_MANAGEMENT", "BIKE_SHOWROOM_MANAGEMENT.csproj", "{386D5D52-FC99-4180-9C26-370CA6D544EF}"
EndProject
Global
	GlobalSection(SolutionConfigurationPlatforms) = preSolution
		Debug|Any CPU = Debug|Any CPU
		Release|Any CPU = Release|Any CPU
	EndGlobalSection
	GlobalSection(ProjectConfigurationPlatforms) = postSolution
		{386D5D52-FC99-4180-9C26-370CA6D544EF}.Debug|Any CPU.ActiveCfg = Debug|Any CPU
		{386D5D52-FC99-4180-9C26-370CA6D544EF}.Debug|Any CPU.Build.0 = Debug|Any CPU
		{386D5D52-FC99-4180-9C26-370CA6D544EF}.Release|Any CPU.ActiveCfg = Release|Any CPU
		{386D5D52-FC99-4180-9C26-370CA6D544EF}.Release|Any CPU.Build.0 = Release|Any CPU
	EndGlobalSection
	GlobalSection(SolutionProperties) = preSolution
		HideSolutionNode = FALSE
	EndGlobalSection
	GlobalSection(ExtensibilityGlobals) = postSolution
		SolutionGuid = {FF122419-4025-4DB9-936E-8C11ED5B56F1}
	EndGlobalSection
EndGlobal
